
Microsoft Visual Studio Solution File, Format Version 12.00
# Visual Studio Version 16
VisualStudioVersion = 16.0.29728.190
MinimumVisualStudioVersion = 10.0.40219.1
Project("{9A19103F-16F7-4668-BE54-9A1E7A4F7556}") = "Uplift", "Uplift\Uplift.csproj", "{A48BE276-BA20-4DC3-A9DA-F187AF6886DC}"
EndProject
Project("{FAE04EC0-301F-11D3-BF4B-00C04F79EFBC}") = "Uplift.DataAccess", "Uplift.DataAccess\Uplift.DataAccess.csproj", "{D3AD8A95-B3BC-4219-8970-AD0EE6F969AF}"
EndProject
Project("{FAE04EC0-301F-11D3-BF4B-00C04F79EFBC}") = "Uplift.Models", "Uplift.Models\Uplift.Models.csproj", "{B6EFA380-2A64-442C-BAB2-3D9519BD1AE9}"
EndProject
Project("{FAE04EC0-301F-11D3-BF4B-00C04F79EFBC}") = "Uplift.Utility", "Uplift.Utility\Uplift.Utility.csproj", "{9C6B68DB-D8BB-4B96-B0DF-690FE8D15265}"
EndProject
Global
	GlobalSection(SolutionConfigurationPlatforms) = preSolution
		Debug|Any CPU = Debug|Any CPU
		Release|Any CPU = Release|Any CPU
	EndGlobalSection
	GlobalSection(ProjectConfigurationPlatforms) = postSolution
		{A48BE276-BA20-4DC3-A9DA-F187AF6886DC}.Debug|Any CPU.ActiveCfg = Debug|Any CPU
		{A48BE276-BA20-4DC3-A9DA-F187AF6886DC}.Debug|Any CPU.Build.0 = Debug|Any CPU
		{A48BE276-BA20-4DC3-A9DA-F187AF6886DC}.Release|Any CPU.ActiveCfg = Release|Any CPU
		{A48BE276-BA20-4DC3-A9DA-F187AF6886DC}.Release|Any CPU.Build.0 = Release|Any CPU
		{D3AD8A95-B3BC-4219-8970-AD0EE6F969AF}.Debug|Any CPU.ActiveCfg = Debug|Any CPU
		{D3AD8A95-B3BC-4219-8970-AD0EE6F969AF}.Debug|Any CPU.Build.0 = Debug|Any CPU
		{D3AD8A95-B3BC-4219-8970-AD0EE6F969AF}.Release|Any CPU.ActiveCfg = Release|Any CPU
		{D3AD8A95-B3BC-4219-8970-AD0EE6F969AF}.Release|Any CPU.Build.0 = Release|Any CPU
		{B6EFA380-2A64-442C-BAB2-3D9519BD1AE9}.Debug|Any CPU.ActiveCfg = Debug|Any CPU
		{B6EFA380-2A64-442C-BAB2-3D9519BD1AE9}.Debug|Any CPU.Build.0 = Debug|Any CPU
		{B6EFA380-2A64-442C-BAB2-3D9519BD1AE9}.Release|Any CPU.ActiveCfg = Release|Any CPU
		{B6EFA380-2A64-442C-BAB2-3D9519BD1AE9}.Release|Any CPU.Build.0 = Release|Any CPU
		{9C6B68DB-D8BB-4B96-B0DF-690FE8D15265}.Debug|Any CPU.ActiveCfg = Debug|Any CPU
		{9C6B68DB-D8BB-4B96-B0DF-690FE8D15265}.Debug|Any CPU.Build.0 = Debug|Any CPU
		{9C6B68DB-D8BB-4B96-B0DF-690FE8D15265}.Release|Any CPU.ActiveCfg = Release|Any CPU
		{9C6B68DB-D8BB-4B96-B0DF-690FE8D15265}.Release|Any CPU.Build.0 = Release|Any CPU
	EndGlobalSection
	GlobalSection(SolutionProperties) = preSolution
		HideSolutionNode = FALSE
	EndGlobalSection
	GlobalSection(ExtensibilityGlobals) = postSolution
		SolutionGuid = {08AA7EED-47EB-40FF-9236-94317DAE15EF}
	EndGlobalSection
EndGlobal
